
Microsoft Visual Studio Solution File, Format Version 12.00
# Visual Studio 15
VisualStudioVersion = 15.0.27703.2042
MinimumVisualStudioVersion = 10.0.40219.1
Project("{FAE04EC0-301F-11D3-BF4B-00C04F79EFBC}") = "ThreadPractice", "ThreadPractice\ThreadPractice.csproj", "{ABF0A38F-A5E0-4A83-8169-575CB444756B}"
EndProject
Global
	GlobalSection(SolutionConfigurationPlatforms) = preSolution
		Debug|Any CPU = Debug|Any CPU
		Release|Any CPU = Release|Any CPU
	EndGlobalSection
	GlobalSection(ProjectConfigurationPlatforms) = postSolution
		{ABF0A38F-A5E0-4A83-8169-575CB444756B}.Debug|Any CPU.ActiveCfg = Debug|Any CPU
		{ABF0A38F-A5E0-4A83-8169-575CB444756B}.Debug|Any CPU.Build.0 = Debug|Any CPU
		{ABF0A38F-A5E0-4A83-8169-575CB444756B}.Release|Any CPU.ActiveCfg = Release|Any CPU
		{ABF0A38F-A5E0-4A83-8169-575CB444756B}.Release|Any CPU.Build.0 = Release|Any CPU
	EndGlobalSection
	GlobalSection(SolutionProperties) = preSolution
		HideSolutionNode = FALSE
	EndGlobalSection
	GlobalSection(ExtensibilityGlobals) = postSolution
		SolutionGuid = {4BF4D174-9F0F-4052-BA7A-366060E15D75}
	EndGlobalSection
EndGlobal
